
Microsoft Visual Studio Solution File, Format Version 12.00
# Visual Studio Version 17
VisualStudioVersion = 17.3.32922.545
MinimumVisualStudioVersion = 10.0.40219.1
Project("{FAE04EC0-301F-11D3-BF4B-00C04F79EFBC}") = "assigmentweek5", "assigmentweek5\assigmentweek5.csproj", "{F6C43D78-F860-4885-B8B7-81F7B9A10777}"
EndProject
Global
	GlobalSection(SolutionConfigurationPlatforms) = preSolution
		Debug|Any CPU = Debug|Any CPU
		Release|Any CPU = Release|Any CPU
	EndGlobalSection
	GlobalSection(ProjectConfigurationPlatforms) = postSolution
		{F6C43D78-F860-4885-B8B7-81F7B9A10777}.Debug|Any CPU.ActiveCfg = Debug|Any CPU
		{F6C43D78-F860-4885-B8B7-81F7B9A10777}.Debug|Any CPU.Build.0 = Debug|Any CPU
		{F6C43D78-F860-4885-B8B7-81F7B9A10777}.Release|Any CPU.ActiveCfg = Release|Any CPU
		{F6C43D78-F860-4885-B8B7-81F7B9A10777}.Release|Any CPU.Build.0 = Release|Any CPU
	EndGlobalSection
	GlobalSection(SolutionProperties) = preSolution
		HideSolutionNode = FALSE
	EndGlobalSection
	GlobalSection(ExtensibilityGlobals) = postSolution
		SolutionGuid = {915B4466-4F47-44E9-B594-3BD0A199E2FE}
	EndGlobalSection
EndGlobal
